// !$*UTF8*$!
{
	archiveVersion = 1;
	classes = {
	};
	objectVersion = 46;
	objects = {

/* Begin PBXBuildFile section */
		160E0AF72BB1A8FBB86831B4 /* libPods.a in Frameworks */ = {isa = PBXBuildFile; fileRef = A589337DE7A7BCED72175B2A /* libPods.a */; };
		17FEA85D1A71F21700F8A986 /* Foundation.framework in Frameworks */ = {isa = PBXBuildFile; fileRef = 17FEA85C1A71F21700F8A986 /* Foundation.framework */; };
		17FEA85F1A71F21700F8A986 /* CoreGraphics.framework in Frameworks */ = {isa = PBXBuildFile; fileRef = 17FEA85E1A71F21700F8A986 /* CoreGraphics.framework */; };
		17FEA8611A71F21700F8A986 /* UIKit.framework in Frameworks */ = {isa = PBXBuildFile; fileRef = 17FEA8601A71F21700F8A986 /* UIKit.framework */; };
		17FEA8671A71F21700F8A986 /* InfoPlist.strings in Resources */ = {isa = PBXBuildFile; fileRef = 17FEA8651A71F21700F8A986 /* InfoPlist.strings */; };
		17FEA8691A71F21700F8A986 /* main.m in Sources */ = {isa = PBXBuildFile; fileRef = 17FEA8681A71F21700F8A986 /* main.m */; };
		17FEA86D1A71F21700F8A986 /* AppDelegate.m in Sources */ = {isa = PBXBuildFile; fileRef = 17FEA86C1A71F21700F8A986 /* AppDelegate.m */; };
		17FEA8751A71F21700F8A986 /* Images.xcassets in Resources */ = {isa = PBXBuildFile; fileRef = 17FEA8741A71F21700F8A986 /* Images.xcassets */; };
		17FEA87C1A71F21700F8A986 /* XCTest.framework in Frameworks */ = {isa = PBXBuildFile; fileRef = 17FEA87B1A71F21700F8A986 /* XCTest.framework */; };
		17FEA87D1A71F21700F8A986 /* Foundation.framework in Frameworks */ = {isa = PBXBuildFile; fileRef = 17FEA85C1A71F21700F8A986 /* Foundation.framework */; };
		17FEA87E1A71F21700F8A986 /* UIKit.framework in Frameworks */ = {isa = PBXBuildFile; fileRef = 17FEA8601A71F21700F8A986 /* UIKit.framework */; };
		17FEA8861A71F21700F8A986 /* InfoPlist.strings in Resources */ = {isa = PBXBuildFile; fileRef = 17FEA8841A71F21700F8A986 /* InfoPlist.strings */; };
		17FEA8881A71F21700F8A986 /* InstagramClientTests.m in Sources */ = {isa = PBXBuildFile; fileRef = 17FEA8871A71F21700F8A986 /* InstagramClientTests.m */; };
		17FEA8941A71F55D00F8A986 /* PhotosViewController.m in Sources */ = {isa = PBXBuildFile; fileRef = 17FEA8921A71F55D00F8A986 /* PhotosViewController.m */; };
		17FEA8951A71F55D00F8A986 /* PhotosViewController.xib in Resources */ = {isa = PBXBuildFile; fileRef = 17FEA8931A71F55D00F8A986 /* PhotosViewController.xib */; };
		17FEA8991A71FA4700F8A986 /* PhotoCell.m in Sources */ = {isa = PBXBuildFile; fileRef = 17FEA8971A71FA4700F8A986 /* PhotoCell.m */; };
		17FEA89E1A71FE7000F8A986 /* PhotoDetailsViewController.m in Sources */ = {isa = PBXBuildFile; fileRef = 17FEA89C1A71FE7000F8A986 /* PhotoDetailsViewController.m */; };
		17FEA89F1A71FE7000F8A986 /* PhotoDetailsViewController.xib in Resources */ = {isa = PBXBuildFile; fileRef = 17FEA89D1A71FE7000F8A986 /* PhotoDetailsViewController.xib */; };
		17FEA8A11A722F2400F8A986 /* PhotoCell.xib in Resources */ = {isa = PBXBuildFile; fileRef = 17FEA8A01A722F2400F8A986 /* PhotoCell.xib */; };
/* End PBXBuildFile section */

/* Begin PBXContainerItemProxy section */
		17FEA87F1A71F21700F8A986 /* PBXContainerItemProxy */ = {
			isa = PBXContainerItemProxy;
			containerPortal = 17FEA8511A71F21700F8A986 /* Project object */;
			proxyType = 1;
			remoteGlobalIDString = 17FEA8581A71F21700F8A986;
			remoteInfo = InstagramClient;
		};
/* End PBXContainerItemProxy section */

/* Begin PBXFileReference section */
		17FEA8591A71F21700F8A986 /* InstagramClient.app */ = {isa = PBXFileReference; explicitFileType = wrapper.application; includeInIndex = 0; path = InstagramClient.app; sourceTree = BUILT_PRODUCTS_DIR; };
		17FEA85C1A71F21700F8A986 /* Foundation.framework */ = {isa = PBXFileReference; lastKnownFileType = wrapper.framework; name = Foundation.framework; path = System/Library/Frameworks/Foundation.framework; sourceTree = SDKROOT; };
		17FEA85E1A71F21700F8A986 /* CoreGraphics.framework */ = {isa = PBXFileReference; lastKnownFileType = wrapper.framework; name = CoreGraphics.framework; path = System/Library/Frameworks/CoreGraphics.framework; sourceTree = SDKROOT; };
		17FEA8601A71F21700F8A986 /* UIKit.framework */ = {isa = PBXFileReference; lastKnownFileType = wrapper.framework; name = UIKit.framework; path = System/Library/Frameworks/UIKit.framework; sourceTree = SDKROOT; };
		17FEA8641A71F21700F8A986 /* InstagramClient-Info.plist */ = {isa = PBXFileReference; lastKnownFileType = text.plist.xml; path = "InstagramClient-Info.plist"; sourceTree = "<group>"; };
		17FEA8661A71F21700F8A986 /* en */ = {isa = PBXFileReference; lastKnownFileType = text.plist.strings; name = en; path = en.lproj/InfoPlist.strings; sourceTree = "<group>"; };
		17FEA8681A71F21700F8A986 /* main.m */ = {isa = PBXFileReference; lastKnownFileType = sourcecode.c.objc; path = main.m; sourceTree = "<group>"; };
		17FEA86A1A71F21700F8A986 /* InstagramClient-Prefix.pch */ = {isa = PBXFileReference; lastKnownFileType = sourcecode.c.h; path = "InstagramClient-Prefix.pch"; sourceTree = "<group>"; };
		17FEA86B1A71F21700F8A986 /* AppDelegate.h */ = {isa = PBXFileReference; lastKnownFileType = sourcecode.c.h; path = AppDelegate.h; sourceTree = "<group>"; };
		17FEA86C1A71F21700F8A986 /* AppDelegate.m */ = {isa = PBXFileReference; lastKnownFileType = sourcecode.c.objc; path = AppDelegate.m; sourceTree = "<group>"; };
		17FEA8741A71F21700F8A986 /* Images.xcassets */ = {isa = PBXFileReference; lastKnownFileType = folder.assetcatalog; path = Images.xcassets; sourceTree = "<group>"; };
		17FEA87A1A71F21700F8A986 /* InstagramClientTests.xctest */ = {isa = PBXFileReference; explicitFileType = wrapper.cfbundle; includeInIndex = 0; path = InstagramClientTests.xctest; sourceTree = BUILT_PRODUCTS_DIR; };
		17FEA87B1A71F21700F8A986 /* XCTest.framework */ = {isa = PBXFileReference; lastKnownFileType = wrapper.framework; name = XCTest.framework; path = Library/Frameworks/XCTest.framework; sourceTree = DEVELOPER_DIR; };
		17FEA8831A71F21700F8A986 /* InstagramClientTests-Info.plist */ = {isa = PBXFileReference; lastKnownFileType = text.plist.xml; path = "InstagramClientTests-Info.plist"; sourceTree = "<group>"; };
		17FEA8851A71F21700F8A986 /* en */ = {isa = PBXFileReference; lastKnownFileType = text.plist.strings; name = en; path = en.lproj/InfoPlist.strings; sourceTree = "<group>"; };
		17FEA8871A71F21700F8A986 /* InstagramClientTests.m */ = {isa = PBXFileReference; lastKnownFileType = sourcecode.c.objc; path = InstagramClientTests.m; sourceTree = "<group>"; };
		17FEA8911A71F55D00F8A986 /* PhotosViewController.h */ = {isa = PBXFileReference; fileEncoding = 4; lastKnownFileType = sourcecode.c.h; path = PhotosViewController.h; sourceTree = "<group>"; };
		17FEA8921A71F55D00F8A986 /* PhotosViewController.m */ = {isa = PBXFileReference; fileEncoding = 4; lastKnownFileType = sourcecode.c.objc; path = PhotosViewController.m; sourceTree = "<group>"; };
		17FEA8931A71F55D00F8A986 /* PhotosViewController.xib */ = {isa = PBXFileReference; fileEncoding = 4; lastKnownFileType = file.xib; path = PhotosViewController.xib; sourceTree = "<group>"; };
		17FEA8961A71FA4700F8A986 /* PhotoCell.h */ = {isa = PBXFileReference; fileEncoding = 4; lastKnownFileType = sourcecode.c.h; path = PhotoCell.h; sourceTree = "<group>"; };
		17FEA8971A71FA4700F8A986 /* PhotoCell.m */ = {isa = PBXFileReference; fileEncoding = 4; lastKnownFileType = sourcecode.c.objc; path = PhotoCell.m; sourceTree = "<group>"; };
		17FEA89B1A71FE7000F8A986 /* PhotoDetailsViewController.h */ = {isa = PBXFileReference; fileEncoding = 4; lastKnownFileType = sourcecode.c.h; name = PhotoDetailsViewController.h; path = ../PhotoDetailsViewController.h; sourceTree = "<group>"; };
		17FEA89C1A71FE7000F8A986 /* PhotoDetailsViewController.m */ = {isa = PBXFileReference; fileEncoding = 4; lastKnownFileType = sourcecode.c.objc; name = PhotoDetailsViewController.m; path = ../PhotoDetailsViewController.m; sourceTree = "<group>"; };
		17FEA89D1A71FE7000F8A986 /* PhotoDetailsViewController.xib */ = {isa = PBXFileReference; fileEncoding = 4; lastKnownFileType = file.xib; name = PhotoDetailsViewController.xib; path = ../PhotoDetailsViewController.xib; sourceTree = "<group>"; };
		17FEA8A01A722F2400F8A986 /* PhotoCell.xib */ = {isa = PBXFileReference; fileEncoding = 4; lastKnownFileType = file.xib; path = PhotoCell.xib; sourceTree = "<group>"; };
		4CB66D8D22929E928CFA46F5 /* Pods.debug.xcconfig */ = {isa = PBXFileReference; includeInIndex = 1; lastKnownFileType = text.xcconfig; name = Pods.debug.xcconfig; path = "Pods/Target Support Files/Pods/Pods.debug.xcconfig"; sourceTree = "<group>"; };
		7BD1FD4B5B30AA6E1095E59D /* Pods.release.xcconfig */ = {isa = PBXFileReference; includeInIndex = 1; lastKnownFileType = text.xcconfig; name = Pods.release.xcconfig; path = "Pods/Target Support Files/Pods/Pods.release.xcconfig"; sourceTree = "<group>"; };
		A589337DE7A7BCED72175B2A /* libPods.a */ = {isa = PBXFileReference; explicitFileType = archive.ar; includeInIndex = 0; path = libPods.a; sourceTree = BUILT_PRODUCTS_DIR; };
/* End PBXFileReference section */

/* Begin PBXFrameworksBuildPhase section */
		17FEA8561A71F21700F8A986 /* Frameworks */ = {
			isa = PBXFrameworksBuildPhase;
			buildActionMask = 2147483647;
			files = (
				17FEA85F1A71F21700F8A986 /* CoreGraphics.framework in Frameworks */,
				17FEA8611A71F21700F8A986 /* UIKit.framework in Frameworks */,
				17FEA85D1A71F21700F8A986 /* Foundation.framework in Frameworks */,
				160E0AF72BB1A8FBB86831B4 /* libPods.a in Frameworks */,
			);
			runOnlyForDeploymentPostprocessing = 0;
		};
		17FEA8771A71F21700F8A986 /* Frameworks */ = {
			isa = PBXFrameworksBuildPhase;
			buildActionMask = 2147483647;
			files = (
				17FEA87C1A71F21700F8A986 /* XCTest.framework in Frameworks */,
				17FEA87E1A71F21700F8A986 /* UIKit.framework in Frameworks */,
				17FEA87D1A71F21700F8A986 /* Foundation.framework in Frameworks */,
			);
			runOnlyForDeploymentPostprocessing = 0;
		};
/* End PBXFrameworksBuildPhase section */

/* Begin PBXGroup section */
		17FEA8501A71F21700F8A986 = {
			isa = PBXGroup;
			children = (
				17FEA8621A71F21700F8A986 /* InstagramClient */,
				17FEA8811A71F21700F8A986 /* InstagramClientTests */,
				17FEA85B1A71F21700F8A986 /* Frameworks */,
				17FEA85A1A71F21700F8A986 /* Products */,
				7A18599C302C82853E5472C4 /* Pods */,
			);
			sourceTree = "<group>";
		};
		17FEA85A1A71F21700F8A986 /* Products */ = {
			isa = PBXGroup;
			children = (
				17FEA8591A71F21700F8A986 /* InstagramClient.app */,
				17FEA87A1A71F21700F8A986 /* InstagramClientTests.xctest */,
			);
			name = Products;
			sourceTree = "<group>";
		};
		17FEA85B1A71F21700F8A986 /* Frameworks */ = {
			isa = PBXGroup;
			children = (
				17FEA85C1A71F21700F8A986 /* Foundation.framework */,
				17FEA85E1A71F21700F8A986 /* CoreGraphics.framework */,
				17FEA8601A71F21700F8A986 /* UIKit.framework */,
				17FEA87B1A71F21700F8A986 /* XCTest.framework */,
				A589337DE7A7BCED72175B2A /* libPods.a */,
			);
			name = Frameworks;
			sourceTree = "<group>";
		};
		17FEA8621A71F21700F8A986 /* InstagramClient */ = {
			isa = PBXGroup;
			children = (
				17FEA86B1A71F21700F8A986 /* AppDelegate.h */,
				17FEA86C1A71F21700F8A986 /* AppDelegate.m */,
				17FEA8741A71F21700F8A986 /* Images.xcassets */,
				17FEA8631A71F21700F8A986 /* Supporting Files */,
				17FEA8911A71F55D00F8A986 /* PhotosViewController.h */,
				17FEA89B1A71FE7000F8A986 /* PhotoDetailsViewController.h */,
				17FEA89C1A71FE7000F8A986 /* PhotoDetailsViewController.m */,
				17FEA89D1A71FE7000F8A986 /* PhotoDetailsViewController.xib */,
				17FEA8921A71F55D00F8A986 /* PhotosViewController.m */,
				17FEA8931A71F55D00F8A986 /* PhotosViewController.xib */,
				17FEA8961A71FA4700F8A986 /* PhotoCell.h */,
				17FEA8971A71FA4700F8A986 /* PhotoCell.m */,
				17FEA8A01A722F2400F8A986 /* PhotoCell.xib */,
			);
			path = InstagramClient;
			sourceTree = "<group>";
		};
		17FEA8631A71F21700F8A986 /* Supporting Files */ = {
			isa = PBXGroup;
			children = (
				17FEA8641A71F21700F8A986 /* InstagramClient-Info.plist */,
				17FEA8651A71F21700F8A986 /* InfoPlist.strings */,
				17FEA8681A71F21700F8A986 /* main.m */,
				17FEA86A1A71F21700F8A986 /* InstagramClient-Prefix.pch */,
			);
			name = "Supporting Files";
			sourceTree = "<group>";
		};
		17FEA8811A71F21700F8A986 /* InstagramClientTests */ = {
			isa = PBXGroup;
			children = (
				17FEA8871A71F21700F8A986 /* InstagramClientTests.m */,
				17FEA8821A71F21700F8A986 /* Supporting Files */,
			);
			path = InstagramClientTests;
			sourceTree = "<group>";
		};
		17FEA8821A71F21700F8A986 /* Supporting Files */ = {
			isa = PBXGroup;
			children = (
				17FEA8831A71F21700F8A986 /* InstagramClientTests-Info.plist */,
				17FEA8841A71F21700F8A986 /* InfoPlist.strings */,
			);
			name = "Supporting Files";
			sourceTree = "<group>";
		};
		7A18599C302C82853E5472C4 /* Pods */ = {
			isa = PBXGroup;
			children = (
				4CB66D8D22929E928CFA46F5 /* Pods.debug.xcconfig */,
				7BD1FD4B5B30AA6E1095E59D /* Pods.release.xcconfig */,
			);
			name = Pods;
			sourceTree = "<group>";
		};
/* End PBXGroup section */

/* Begin PBXNativeTarget section */
		17FEA8581A71F21700F8A986 /* InstagramClient */ = {
			isa = PBXNativeTarget;
			buildConfigurationList = 17FEA88B1A71F21700F8A986 /* Build configuration list for PBXNativeTarget "InstagramClient" */;
			buildPhases = (
				A4B0CD296F8FD13C57AED60B /* Check Pods Manifest.lock */,
				17FEA8551A71F21700F8A986 /* Sources */,
				17FEA8561A71F21700F8A986 /* Frameworks */,
				17FEA8571A71F21700F8A986 /* Resources */,
				149A2B3E791FC118196A378D /* Copy Pods Resources */,
			);
			buildRules = (
			);
			dependencies = (
			);
			name = InstagramClient;
			productName = InstagramClient;
			productReference = 17FEA8591A71F21700F8A986 /* InstagramClient.app */;
			productType = "com.apple.product-type.application";
		};
		17FEA8791A71F21700F8A986 /* InstagramClientTests */ = {
			isa = PBXNativeTarget;
			buildConfigurationList = 17FEA88E1A71F21700F8A986 /* Build configuration list for PBXNativeTarget "InstagramClientTests" */;
			buildPhases = (
				17FEA8761A71F21700F8A986 /* Sources */,
				17FEA8771A71F21700F8A986 /* Frameworks */,
				17FEA8781A71F21700F8A986 /* Resources */,
			);
			buildRules = (
			);
			dependencies = (
				17FEA8801A71F21700F8A986 /* PBXTargetDependency */,
			);
			name = InstagramClientTests;
			productName = InstagramClientTests;
			productReference = 17FEA87A1A71F21700F8A986 /* InstagramClientTests.xctest */;
			productType = "com.apple.product-type.bundle.unit-test";
		};
/* End PBXNativeTarget section */

/* Begin PBXProject section */
		17FEA8511A71F21700F8A986 /* Project object */ = {
			isa = PBXProject;
			attributes = {
				LastUpgradeCheck = 0510;
				ORGANIZATIONNAME = Yahoo;
				TargetAttributes = {
					17FEA8791A71F21700F8A986 = {
						TestTargetID = 17FEA8581A71F21700F8A986;
					};
				};
			};
			buildConfigurationList = 17FEA8541A71F21700F8A986 /* Build configuration list for PBXProject "InstagramClient" */;
			compatibilityVersion = "Xcode 3.2";
			developmentRegion = English;
			hasScannedForEncodings = 0;
			knownRegions = (
				en,
				Base,
			);
			mainGroup = 17FEA8501A71F21700F8A986;
			productRefGroup = 17FEA85A1A71F21700F8A986 /* Products */;
			projectDirPath = "";
			projectRoot = "";
			targets = (
				17FEA8581A71F21700F8A986 /* InstagramClient */,
				17FEA8791A71F21700F8A986 /* InstagramClientTests */,
			);
		};
/* End PBXProject section */

/* Begin PBXResourcesBuildPhase section */
		17FEA8571A71F21700F8A986 /* Resources */ = {
			isa = PBXResourcesBuildPhase;
			buildActionMask = 2147483647;
			files = (
				17FEA89F1A71FE7000F8A986 /* PhotoDetailsViewController.xib in Resources */,
				17FEA8951A71F55D00F8A986 /* PhotosViewController.xib in Resources */,
				17FEA8751A71F21700F8A986 /* Images.xcassets in Resources */,
				17FEA8671A71F21700F8A986 /* InfoPlist.strings in Resources */,
				17FEA8A11A722F2400F8A986 /* PhotoCell.xib in Resources */,
			);
			runOnlyForDeploymentPostprocessing = 0;
		};
		17FEA8781A71F21700F8A986 /* Resources */ = {
			isa = PBXResourcesBuildPhase;
			buildActionMask = 2147483647;
			files = (
				17FEA8861A71F21700F8A986 /* InfoPlist.strings in Resources */,
			);
			runOnlyForDeploymentPostprocessing = 0;
		};
/* End PBXResourcesBuildPhase section */

/* Begin PBXShellScriptBuildPhase section */
		149A2B3E791FC118196A378D /* Copy Pods Resources */ = {
			isa = PBXShellScriptBuildPhase;
			buildActionMask = 2147483647;
			files = (
			);
			inputPaths = (
			);
			name = "Copy Pods Resources";
			outputPaths = (
			);
			runOnlyForDeploymentPostprocessing = 0;
			shellPath = /bin/sh;
			shellScript = "\"${SRCROOT}/Pods/Target Support Files/Pods/Pods-resources.sh\"\n";
			showEnvVarsInLog = 0;
		};
		A4B0CD296F8FD13C57AED60B /* Check Pods Manifest.lock */ = {
			isa = PBXShellScriptBuildPhase;
			buildActionMask = 2147483647;
			files = (
			);
			inputPaths = (
			);
			name = "Check Pods Manifest.lock";
			outputPaths = (
			);
			runOnlyForDeploymentPostprocessing = 0;
			shellPath = /bin/sh;
			shellScript = "diff \"${PODS_ROOT}/../Podfile.lock\" \"${PODS_ROOT}/Manifest.lock\" > /dev/null\nif [[ $? != 0 ]] ; then\n    cat << EOM\nerror: The sandbox is not in sync with the Podfile.lock. Run 'pod install' or update your CocoaPods installation.\nEOM\n    exit 1\nfi\n";
			showEnvVarsInLog = 0;
		};
/* End PBXShellScriptBuildPhase section */

/* Begin PBXSourcesBuildPhase section */
		17FEA8551A71F21700F8A986 /* Sources */ = {
			isa = PBXSourcesBuildPhase;
			buildActionMask = 2147483647;
			files = (
				17FEA8991A71FA4700F8A986 /* PhotoCell.m in Sources */,
				17FEA86D1A71F21700F8A986 /* AppDelegate.m in Sources */,
				17FEA8941A71F55D00F8A986 /* PhotosViewController.m in Sources */,
				17FEA8691A71F21700F8A986 /* main.m in Sources */,
				17FEA89E1A71FE7000F8A986 /* PhotoDetailsViewController.m in Sources */,
			);
			runOnlyForDeploymentPostprocessing = 0;
		};
		17FEA8761A71F21700F8A986 /* Sources */ = {
			isa = PBXSourcesBuildPhase;
			buildActionMask = 2147483647;
			files = (
				17FEA8881A71F21700F8A986 /* InstagramClientTests.m in Sources */,
			);
			runOnlyForDeploymentPostprocessing = 0;
		};
/* End PBXSourcesBuildPhase section */

/* Begin PBXTargetDependency section */
		17FEA8801A71F21700F8A986 /* PBXTargetDependency */ = {
			isa = PBXTargetDependency;
			target = 17FEA8581A71F21700F8A986 /* InstagramClient */;
			targetProxy = 17FEA87F1A71F21700F8A986 /* PBXContainerItemProxy */;
		};
/* End PBXTargetDependency section */

/* Begin PBXVariantGroup section */
		17FEA8651A71F21700F8A986 /* InfoPlist.strings */ = {
			isa = PBXVariantGroup;
			children = (
				17FEA8661A71F21700F8A986 /* en */,
			);
			name = InfoPlist.strings;
			sourceTree = "<group>";
		};
		17FEA8841A71F21700F8A986 /* InfoPlist.strings */ = {
			isa = PBXVariantGroup;
			children = (
				17FEA8851A71F21700F8A986 /* en */,
			);
			name = InfoPlist.strings;
			sourceTree = "<group>";
		};
/* End PBXVariantGroup section */

/* Begin XCBuildConfiguration section */
		17FEA8891A71F21700F8A986 /* Debug */ = {
			isa = XCBuildConfiguration;
			buildSettings = {
				ALWAYS_SEARCH_USER_PATHS = NO;
				CLANG_CXX_LANGUAGE_STANDARD = "gnu++0x";
				CLANG_CXX_LIBRARY = "libc++";
				CLANG_ENABLE_MODULES = YES;
				CLANG_ENABLE_OBJC_ARC = YES;
				CLANG_WARN_BOOL_CONVERSION = YES;
				CLANG_WARN_CONSTANT_CONVERSION = YES;
				CLANG_WARN_DIRECT_OBJC_ISA_USAGE = YES_ERROR;
				CLANG_WARN_EMPTY_BODY = YES;
				CLANG_WARN_ENUM_CONVERSION = YES;
				CLANG_WARN_INT_CONVERSION = YES;
				CLANG_WARN_OBJC_ROOT_CLASS = YES_ERROR;
				CLANG_WARN__DUPLICATE_METHOD_MATCH = YES;
				"CODE_SIGN_IDENTITY[sdk=iphoneos*]" = "iPhone Developer";
				COPY_PHASE_STRIP = NO;
				GCC_C_LANGUAGE_STANDARD = gnu99;
				GCC_DYNAMIC_NO_PIC = NO;
				GCC_OPTIMIZATION_LEVEL = 0;
				GCC_PREPROCESSOR_DEFINITIONS = (
					"DEBUG=1",
					"$(inherited)",
				);
				GCC_SYMBOLS_PRIVATE_EXTERN = NO;
				GCC_WARN_64_TO_32_BIT_CONVERSION = YES;
				GCC_WARN_ABOUT_RETURN_TYPE = YES_ERROR;
				GCC_WARN_UNDECLARED_SELECTOR = YES;
				GCC_WARN_UNINITIALIZED_AUTOS = YES_AGGRESSIVE;
				GCC_WARN_UNUSED_FUNCTION = YES;
				GCC_WARN_UNUSED_VARIABLE = YES;
				IPHONEOS_DEPLOYMENT_TARGET = 7.1;
				ONLY_ACTIVE_ARCH = YES;
				SDKROOT = iphoneos;
			};
			name = Debug;
		};
		17FEA88A1A71F21700F8A986 /* Release */ = {
			isa = XCBuildConfiguration;
			buildSettings = {
				ALWAYS_SEARCH_USER_PATHS = NO;
				CLANG_CXX_LANGUAGE_STANDARD = "gnu++0x";
				CLANG_CXX_LIBRARY = "libc++";
				CLANG_ENABLE_MODULES = YES;
				CLANG_ENABLE_OBJC_ARC = YES;
				CLANG_WARN_BOOL_CONVERSION = YES;
				CLANG_WARN_CONSTANT_CONVERSION = YES;
				CLANG_WARN_DIRECT_OBJC_ISA_USAGE = YES_ERROR;
				CLANG_WARN_EMPTY_BODY = YES;
				CLANG_WARN_ENUM_CONVERSION = YES;
				CLANG_WARN_INT_CONVERSION = YES;
				CLANG_WARN_OBJC_ROOT_CLASS = YES_ERROR;
				CLANG_WARN__DUPLICATE_METHOD_MATCH = YES;
				"CODE_SIGN_IDENTITY[sdk=iphoneos*]" = "iPhone Developer";
				COPY_PHASE_STRIP = YES;
				ENABLE_NS_ASSERTIONS = NO;
				GCC_C_LANGUAGE_STANDARD = gnu99;
				GCC_WARN_64_TO_32_BIT_CONVERSION = YES;
				GCC_WARN_ABOUT_RETURN_TYPE = YES_ERROR;
				GCC_WARN_UNDECLARED_SELECTOR = YES;
				GCC_WARN_UNINITIALIZED_AUTOS = YES_AGGRESSIVE;
				GCC_WARN_UNUSED_FUNCTION = YES;
				GCC_WARN_UNUSED_VARIABLE = YES;
				IPHONEOS_DEPLOYMENT_TARGET = 7.1;
				SDKROOT = iphoneos;
				VALIDATE_PRODUCT = YES;
			};
			name = Release;
		};
		17FEA88C1A71F21700F8A986 /* Debug */ = {
			isa = XCBuildConfiguration;
			baseConfigurationReference = 4CB66D8D22929E928CFA46F5 /* Pods.debug.xcconfig */;
			buildSettings = {
				ASSETCATALOG_COMPILER_APPICON_NAME = AppIcon;
				ASSETCATALOG_COMPILER_LAUNCHIMAGE_NAME = LaunchImage;
				GCC_PRECOMPILE_PREFIX_HEADER = YES;
				GCC_PREFIX_HEADER = "InstagramClient/InstagramClient-Prefix.pch";
				INFOPLIST_FILE = "InstagramClient/InstagramClient-Info.plist";
				PRODUCT_NAME = "$(TARGET_NAME)";
				WRAPPER_EXTENSION = app;
			};
			name = Debug;
		};
		17FEA88D1A71F21700F8A986 /* Release */ = {
			isa = XCBuildConfiguration;
			baseConfigurationReference = 7BD1FD4B5B30AA6E1095E59D /* Pods.release.xcconfig */;
			buildSettings = {
				ASSETCATALOG_COMPILER_APPICON_NAME = AppIcon;
				ASSETCATALOG_COMPILER_LAUNCHIMAGE_NAME = LaunchImage;
				GCC_PRECOMPILE_PREFIX_HEADER = YES;
				GCC_PREFIX_HEADER = "InstagramClient/InstagramClient-Prefix.pch";
				INFOPLIST_FILE = "InstagramClient/InstagramClient-Info.plist";
				PRODUCT_NAME = "$(TARGET_NAME)";
				WRAPPER_EXTENSION = app;
			};
			name = Release;
		};
		17FEA88F1A71F21700F8A986 /* Debug */ = {
			isa = XCBuildConfiguration;
			buildSettings = {
				BUNDLE_LOADER = "$(BUILT_PRODUCTS_DIR)/InstagramClient.app/InstagramClient";
				FRAMEWORK_SEARCH_PATHS = (
					"$(SDKROOT)/Developer/Library/Frameworks",
					"$(inherited)",
					"$(DEVELOPER_FRAMEWORKS_DIR)",
				);
				GCC_PRECOMPILE_PREFIX_HEADER = YES;
				GCC_PREFIX_HEADER = "InstagramClient/InstagramClient-Prefix.pch";
				GCC_PREPROCESSOR_DEFINITIONS = (
					"DEBUG=1",
					"$(inherited)",
				);
				INFOPLIST_FILE = "InstagramClientTests/InstagramClientTests-Info.plist";
				PRODUCT_NAME = "$(TARGET_NAME)";
				TEST_HOST = "$(BUNDLE_LOADER)";
				WRAPPER_EXTENSION = xctest;
			};
			name = Debug;
		};
		17FEA8901A71F21700F8A986 /* Release */ = {
			isa = XCBuildConfiguration;
			buildSettings = {
				BUNDLE_LOADER = "$(BUILT_PRODUCTS_DIR)/InstagramClient.app/InstagramClient";
				FRAMEWORK_SEARCH_PATHS = (
					"$(SDKROOT)/Developer/Library/Frameworks",
					"$(inherited)",
					"$(DEVELOPER_FRAMEWORKS_DIR)",
				);
				GCC_PRECOMPILE_PREFIX_HEADER = YES;
				GCC_PREFIX_HEADER = "InstagramClient/InstagramClient-Prefix.pch";
				INFOPLIST_FILE = "InstagramClientTests/InstagramClientTests-Info.plist";
				PRODUCT_NAME = "$(TARGET_NAME)";
				TEST_HOST = "$(BUNDLE_LOADER)";
				WRAPPER_EXTENSION = xctest;
			};
			name = Release;
		};
/* End XCBuildConfiguration section */

/* Begin XCConfigurationList section */
		17FEA8541A71F21700F8A986 /* Build configuration list for PBXProject "InstagramClient" */ = {
			isa = XCConfigurationList;
			buildConfigurations = (
				17FEA8891A71F21700F8A986 /* Debug */,
				17FEA88A1A71F21700F8A986 /* Release */,
			);
			defaultConfigurationIsVisible = 0;
			defaultConfigurationName = Release;
		};
		17FEA88B1A71F21700F8A986 /* Build configuration list for PBXNativeTarget "InstagramClient" */ = {
			isa = XCConfigurationList;
			buildConfigurations = (
				17FEA88C1A71F21700F8A986 /* Debug */,
				17FEA88D1A71F21700F8A986 /* Release */,
			);
			defaultConfigurationIsVisible = 0;
			defaultConfigurationName = Release;
		};
		17FEA88E1A71F21700F8A986 /* Build configuration list for PBXNativeTarget "InstagramClientTests" */ = {
			isa = XCConfigurationList;
			buildConfigurations = (
				17FEA88F1A71F21700F8A986 /* Debug */,
				17FEA8901A71F21700F8A986 /* Release */,
			);
			defaultConfigurationIsVisible = 0;
			defaultConfigurationName = Release;
		};
/* End XCConfigurationList section */
	};
	rootObject = 17FEA8511A71F21700F8A986 /* Project object */;
}
